PODS:
  - FacebookSDK/CoreKit (5.8.0):
    - FBSDKCoreKit (~> 5.0)
  - FacebookSDK/MarketingKit (5.8.0):
    - FacebookSDK/CoreKit
    - FBSDKMarketingKit (~> 5.0)
  - FBSDKCoreKit (5.8.0):
    - FBSDKCoreKit/Basics (= 5.8.0)
    - FBSDKCoreKit/Core (= 5.8.0)
  - FBSDKCoreKit/Basics (5.8.0)
  - FBSDKCoreKit/Core (5.8.0):
    - FBSDKCoreKit/Basics
  - FBSDKMarketingKit (5.5.0):
    - FBSDKCoreKit (~> 5.5)
  - Flutter (1.0.0)
  - flutter_facebook_appevents (0.1.0):
    - FacebookSDK/CoreKit
    - FacebookSDK/MarketingKit
    - Flutter

DEPENDENCIES:
  - Flutter (from `.symlinks/flutter/ios`)
  - flutter_facebook_appevents (from `.symlinks/plugins/flutter_facebook_appevents/ios`)

SPEC REPOS:
  trunk:
    - FacebookSDK
    - FBSDKCoreKit
    - FBSDKMarketingKit

EXTERNAL SOURCES:
  Flutter:
    :path: ".symlinks/flutter/ios"
  flutter_facebook_appevents:
    :path: ".symlinks/plugins/flutter_facebook_appevents/ios"

SPEC CHECKSUMS:
  FacebookSDK: 01ce488e7399bae3e2689ed8416e94174836eaf9
  FBSDKCoreKit: e7dcac0aabcfb09d0166998edd95fe3b05a0ce5d
  FBSDKMarketingKit: 570d0c2778a2166b0cd55b301160d662ccbe8927
  Flutter: 0e3d915762c693b495b44d77113d4970485de6ec
  flutter_facebook_appevents: b8353164a202f561700193781705b0303b90b929

PODFILE CHECKSUM: b6a0a141693093b304368d08511b46cf3d1d0ac5

COCOAPODS: 1.8.0.beta.1
