PODS:
  - FBAEMKit (17.1.0):
    - FBSDKCoreKit_Basics (= 17.1.0)
  - FBSDKCoreKit (17.1.0):
    - FBAEMKit (= 17.1.0)
    - FBSDKCoreKit_Basics (= 17.1.0)
  - FBSDKCoreKit_Basics (17.1.0)
  - Flutter (1.0.0)
  - flutter_facebook_appevents (0.0.1):
    - FBSDKCoreKit (~> 17.0)
    - Flutter

DEPENDENCIES:
  - Flutter (from `Flutter`)
  - flutter_facebook_appevents (from `.symlinks/plugins/flutter_facebook_appevents/ios`)

SPEC REPOS:
  trunk:
    - FBAEMKit
    - FBSDKCoreKit
    - FBSDKCoreKit_Basics

EXTERNAL SOURCES:
  Flutter:
    :path: Flutter
  flutter_facebook_appevents:
    :path: ".symlinks/plugins/flutter_facebook_appevents/ios"

SPEC CHECKSUMS:
  FBAEMKit: cb719c53575a3be86ea873279f30d6a2c4e15881
  FBSDKCoreKit: ecdb980a24633ccb012700299ceb16d0235e14d2
  FBSDKCoreKit_Basics: 045101c4a9ef10c845347424d73a29aae02c3e43
  Flutter: e0871f40cf51350855a761d2e70bf5af5b9b5de7
  flutter_facebook_appevents: d07769ae62e9494090dcb80820219e6f80f42314

PODFILE CHECKSUM: 7be2f5f74864d463a8ad433546ed1de7e0f29aef

COCOAPODS: 1.15.2
